// !$*UTF8*$!
{
	archiveVersion = 1;
	classes = {
	};
	objectVersion = 46;
	objects = {

/* Begin PBXBuildFile section */
		9B7B44F917E1DF3200762C26 /* vncbearer-common.pch in Headers */ = {isa = PBXBuildFile; fileRef = 9B7B44F817E1DF3200762C26 /* vncbearer-common.pch */; };
		9B7B44FE17E1DF4600762C26 /* VNCBearerImpl.cxx in Sources */ = {isa = PBXBuildFile; fileRef = 9B7B44FA17E1DF4600762C26 /* VNCBearerImpl.cxx */; };
		9B7B44FF17E1DF4600762C26 /* VNCBearerImpl.h in Headers */ = {isa = PBXBuildFile; fileRef = 9B7B44FB17E1DF4600762C26 /* VNCBearerImpl.h */; };
		9B7B450017E1DF4600762C26 /* VNCConnectionImpl.cxx in Sources */ = {isa = PBXBuildFile; fileRef = 9B7B44FC17E1DF4600762C26 /* VNCConnectionImpl.cxx */; };
		9B7B450117E1DF4600762C26 /* VNCConnectionImpl.h in Headers */ = {isa = PBXBuildFile; fileRef = 9B7B44FD17E1DF4600762C26 /* VNCConnectionImpl.h */; };
/* End PBXBuildFile section */

/* Begin PBXFileReference section */
		9B7B44F817E1DF3200762C26 /* vncbearer-common.pch */ = {isa = PBXFileReference; fileEncoding = 4; lastKnownFileType = sourcecode.c.h; path = "vncbearer-common.pch"; sourceTree = "<group>"; };
		9B7B44FA17E1DF4600762C26 /* VNCBearerImpl.cxx */ = {isa = PBXFileReference; fileEncoding = 4; lastKnownFileType = sourcecode.cpp.cpp; path = VNCBearerImpl.cxx; sourceTree = "<group>"; };
		9B7B44FB17E1DF4600762C26 /* VNCBearerImpl.h */ = {isa = PBXFileReference; fileEncoding = 4; lastKnownFileType = sourcecode.c.h; path = VNCBearerImpl.h; sourceTree = "<group>"; };
		9B7B44FC17E1DF4600762C26 /* VNCConnectionImpl.cxx */ = {isa = PBXFileReference; fileEncoding = 4; lastKnownFileType = sourcecode.cpp.cpp; path = VNCConnectionImpl.cxx; sourceTree = "<group>"; };
		9B7B44FD17E1DF4600762C26 /* VNCConnectionImpl.h */ = {isa = PBXFileReference; fileEncoding = 4; lastKnownFileType = sourcecode.c.h; path = VNCConnectionImpl.h; sourceTree = "<group>"; };
		D61A4142148D2FDB003C2A63 /* libvncbearer-common.a */ = {isa = PBXFileReference; explicitFileType = archive.ar; includeInIndex = 0; path = "libvncbearer-common.a"; sourceTree = BUILT_PRODUCTS_DIR; };
/* End PBXFileReference section */

/* Begin PBXFrameworksBuildPhase section */
		D61A413C148D2FDB003C2A63 /* Frameworks */ = {
			isa = PBXFrameworksBuildPhase;
			buildActionMask = 2147483647;
			files = (
			);
			runOnlyForDeploymentPostprocessing = 0;
		};
/* End PBXFrameworksBuildPhase section */

/* Begin PBXGroup section */
		19129C7913B4DCBB00B79CB1 /* vncbearer-common */ = {
			isa = PBXGroup;
			children = (
				19129C7A13B4DCBB00B79CB1 /* Supporting Files */,
				193AC6A913B4D67A005C206F /* vncbearer-common */,
			);
			name = "vncbearer-common";
			sourceTree = SOURCE_ROOT;
		};
		19129C7A13B4DCBB00B79CB1 /* Supporting Files */ = {
			isa = PBXGroup;
			children = (
				9B7B44F817E1DF3200762C26 /* vncbearer-common.pch */,
			);
			name = "Supporting Files";
			sourceTree = "<group>";
		};
		193AC6A913B4D67A005C206F /* vncbearer-common */ = {
			isa = PBXGroup;
			children = (
				9B7B44FA17E1DF4600762C26 /* VNCBearerImpl.cxx */,
				9B7B44FB17E1DF4600762C26 /* VNCBearerImpl.h */,
				9B7B44FC17E1DF4600762C26 /* VNCConnectionImpl.cxx */,
				9B7B44FD17E1DF4600762C26 /* VNCConnectionImpl.h */,
			);
			name = "vncbearer-common";
			path = "../vncbearer-common";
			sourceTree = SOURCE_ROOT;
		};
		19B7C41613B4CD6000BAEB05 = {
			isa = PBXGroup;
			children = (
				19129C7913B4DCBB00B79CB1 /* vncbearer-common */,
				19B7C42213B4CD6000BAEB05 /* Products */,
			);
			sourceTree = "<group>";
		};
		19B7C42213B4CD6000BAEB05 /* Products */ = {
			isa = PBXGroup;
			children = (
				D61A4142148D2FDB003C2A63 /* libvncbearer-common.a */,
			);
			name = Products;
			sourceTree = "<group>";
		};
/* End PBXGroup section */

/* Begin PBXHeadersBuildPhase section */
		D61A413E148D2FDB003C2A63 /* Headers */ = {
			isa = PBXHeadersBuildPhase;
			buildActionMask = 2147483647;
			files = (
				9B7B44F917E1DF3200762C26 /* vncbearer-common.pch in Headers */,
				9B7B44FF17E1DF4600762C26 /* VNCBearerImpl.h in Headers */,
				9B7B450117E1DF4600762C26 /* VNCConnectionImpl.h in Headers */,
			);
			runOnlyForDeploymentPostprocessing = 0;
		};
/* End PBXHeadersBuildPhase section */

/* Begin PBXNativeTarget section */
		D61A4131148D2FDB003C2A63 /* vncbearer-common */ = {
			isa = PBXNativeTarget;
			buildConfigurationList = D61A413F148D2FDB003C2A63 /* Build configuration list for PBXNativeTarget "vncbearer-common" */;
			buildPhases = (
				D61A4132148D2FDB003C2A63 /* Sources */,
				D61A413C148D2FDB003C2A63 /* Frameworks */,
				D61A413E148D2FDB003C2A63 /* Headers */,
			);
			buildRules = (
			);
			dependencies = (
			);
			name = "vncbearer-common";
			productName = "vncbearer-common";
			productReference = D61A4142148D2FDB003C2A63 /* libvncbearer-common.a */;
			productType = "com.apple.product-type.library.static";
		};
/* End PBXNativeTarget section */

/* Begin PBXProject section */
		19B7C41813B4CD6000BAEB05 /* Project object */ = {
			isa = PBXProject;
			attributes = {
				LastUpgradeCheck = 0460;
			};
			buildConfigurationList = 19B7C41B13B4CD6000BAEB05 /* Build configuration list for PBXProject "vncbearer-common" */;
			compatibilityVersion = "Xcode 3.2";
			developmentRegion = English;
			hasScannedForEncodings = 0;
			knownRegions = (
				en,
			);
			mainGroup = 19B7C41613B4CD6000BAEB05;
			productRefGroup = 19B7C42213B4CD6000BAEB05 /* Products */;
			projectDirPath = "";
			projectRoot = "";
			targets = (
				D61A4131148D2FDB003C2A63 /* vncbearer-common */,
			);
		};
/* End PBXProject section */

/* Begin PBXSourcesBuildPhase section */
		D61A4132148D2FDB003C2A63 /* Sources */ = {
			isa = PBXSourcesBuildPhase;
			buildActionMask = 2147483647;
			files = (
				9B7B44FE17E1DF4600762C26 /* VNCBearerImpl.cxx in Sources */,
				9B7B450017E1DF4600762C26 /* VNCConnectionImpl.cxx in Sources */,
			);
			runOnlyForDeploymentPostprocessing = 0;
		};
/* End PBXSourcesBuildPhase section */

/* Begin XCBuildConfiguration section */
		19B7C42913B4CD6000BAEB05 /* Debug */ = {
			isa = XCBuildConfiguration;
			buildSettings = {
				ALWAYS_SEARCH_USER_PATHS = NO;
				ARCHS = "$(ARCHS_STANDARD_32_BIT)";
				CLANG_ENABLE_OBJC_ARC = YES;
				CLANG_WARN_CONSTANT_CONVERSION = YES;
				CLANG_WARN_ENUM_CONVERSION = YES;
				CLANG_WARN_INT_CONVERSION = YES;
				CLANG_WARN__DUPLICATE_METHOD_MATCH = YES;
				COPY_PHASE_STRIP = NO;
				GCC_C_LANGUAGE_STANDARD = gnu99;
				GCC_DYNAMIC_NO_PIC = NO;
				GCC_OPTIMIZATION_LEVEL = 0;
				GCC_PREPROCESSOR_DEFINITIONS = (
					"DEBUG=1",
					"$(inherited)",
				);
				GCC_SYMBOLS_PRIVATE_EXTERN = NO;
				GCC_VERSION = com.apple.compilers.llvm.clang.1_0;
				GCC_WARN_ABOUT_MISSING_PROTOTYPES = YES;
				GCC_WARN_ABOUT_RETURN_TYPE = YES;
				GCC_WARN_UNINITIALIZED_AUTOS = YES;
				GCC_WARN_UNUSED_VARIABLE = YES;
				HEADER_SEARCH_PATHS = ../../SDK/include;
				IPHONEOS_DEPLOYMENT_TARGET = 5.0;
				SDKROOT = iphoneos;
			};
			name = Debug;
		};
		19B7C42A13B4CD6000BAEB05 /* Release */ = {
			isa = XCBuildConfiguration;
			buildSettings = {
				ALWAYS_SEARCH_USER_PATHS = NO;
				ARCHS = "$(ARCHS_STANDARD_32_BIT)";
				CLANG_ENABLE_OBJC_ARC = YES;
				CLANG_WARN_CONSTANT_CONVERSION = YES;
				CLANG_WARN_ENUM_CONVERSION = YES;
				CLANG_WARN_INT_CONVERSION = YES;
				CLANG_WARN__DUPLICATE_METHOD_MATCH = YES;
				COPY_PHASE_STRIP = YES;
				GCC_C_LANGUAGE_STANDARD = gnu99;
				GCC_VERSION = com.apple.compilers.llvm.clang.1_0;
				GCC_WARN_ABOUT_MISSING_PROTOTYPES = YES;
				GCC_WARN_ABOUT_RETURN_TYPE = YES;
				GCC_WARN_UNINITIALIZED_AUTOS = YES;
				GCC_WARN_UNUSED_VARIABLE = YES;
				HEADER_SEARCH_PATHS = ../../SDK/include;
				IPHONEOS_DEPLOYMENT_TARGET = 5.0;
				SDKROOT = iphoneos;
				VALIDATE_PRODUCT = YES;
			};
			name = Release;
		};
		D61A4140148D2FDB003C2A63 /* Debug */ = {
			isa = XCBuildConfiguration;
			buildSettings = {
				ARCHS = "$(ARCHS_STANDARD)";
				DSTROOT = "";
				GCC_PRECOMPILE_PREFIX_HEADER = YES;
				GCC_PREFIX_HEADER = "vncbearer-common.pch";
				GCC_VERSION = "";
				HEADER_SEARCH_PATHS = ../../SDK/include;
				IPHONEOS_DEPLOYMENT_TARGET = 7.0;
				OTHER_LDFLAGS = "-ObjC";
				PRODUCT_NAME = "vncbearer-common";
				SKIP_INSTALL = YES;
			};
			name = Debug;
		};
		D61A4141148D2FDB003C2A63 /* Release */ = {
			isa = XCBuildConfiguration;
			buildSettings = {
				ARCHS = "$(ARCHS_STANDARD)";
				DSTROOT = "";
				GCC_PRECOMPILE_PREFIX_HEADER = YES;
				GCC_PREFIX_HEADER = "vncbearer-common.pch";
				GCC_VERSION = "";
				HEADER_SEARCH_PATHS = ../../SDK/include;
				IPHONEOS_DEPLOYMENT_TARGET = 7.0;
				OTHER_LDFLAGS = "-ObjC";
				PRODUCT_NAME = "vncbearer-common";
				SKIP_INSTALL = YES;
			};
			name = Release;
		};
/* End XCBuildConfiguration section */

/* Begin XCConfigurationList section */
		19B7C41B13B4CD6000BAEB05 /* Build configuration list for PBXProject "vncbearer-common" */ = {
			isa = XCConfigurationList;
			buildConfigurations = (
				19B7C42913B4CD6000BAEB05 /* Debug */,
				19B7C42A13B4CD6000BAEB05 /* Release */,
			);
			defaultConfigurationIsVisible = 0;
			defaultConfigurationName = Release;
		};
		D61A413F148D2FDB003C2A63 /* Build configuration list for PBXNativeTarget "vncbearer-common" */ = {
			isa = XCConfigurationList;
			buildConfigurations = (
				D61A4140148D2FDB003C2A63 /* Debug */,
				D61A4141148D2FDB003C2A63 /* Release */,
			);
			defaultConfigurationIsVisible = 0;
			defaultConfigurationName = Release;
		};
/* End XCConfigurationList section */
	};
	rootObject = 19B7C41813B4CD6000BAEB05 /* Project object */;
}
