// !$*UTF8*$!
{
	archiveVersion = 1;
	classes = {
	};
	objectVersion = 46;
	objects = {

/* Begin PBXBuildFile section */
		9B3FAB481805B33C00F7B9AB /* VNCBearerSupportingAPI.h in Headers */ = {isa = PBXBuildFile; fileRef = 9B3FAB421805B33C00F7B9AB /* VNCBearerSupportingAPI.h */; };
		9B3FAB491805B33C00F7B9AB /* VNCBearerSupportingAPI.m in Sources */ = {isa = PBXBuildFile; fileRef = 9B3FAB431805B33C00F7B9AB /* VNCBearerSupportingAPI.m */; };
		9B3FAB4A1805B33C00F7B9AB /* VNCBearerWrapper.h in Headers */ = {isa = PBXBuildFile; fileRef = 9B3FAB441805B33C00F7B9AB /* VNCBearerWrapper.h */; };
		9B3FAB4B1805B33C00F7B9AB /* VNCBearerWrapper.m in Sources */ = {isa = PBXBuildFile; fileRef = 9B3FAB451805B33C00F7B9AB /* VNCBearerWrapper.m */; };
		9B3FAB4C1805B33C00F7B9AB /* VNCConnectionWrapper.h in Headers */ = {isa = PBXBuildFile; fileRef = 9B3FAB461805B33C00F7B9AB /* VNCConnectionWrapper.h */; };
		9B3FAB4D1805B33C00F7B9AB /* VNCConnectionWrapper.m in Sources */ = {isa = PBXBuildFile; fileRef = 9B3FAB471805B33C00F7B9AB /* VNCConnectionWrapper.m */; };
		9B444CF218F80BE300BDF0AF /* NSData+Base64.h in Headers */ = {isa = PBXBuildFile; fileRef = 9B444CF018F80BE300BDF0AF /* NSData+Base64.h */; };
		9B444CF318F80BE300BDF0AF /* NSData+Base64.m in Sources */ = {isa = PBXBuildFile; fileRef = 9B444CF118F80BE300BDF0AF /* NSData+Base64.m */; };
		9B7B44F917E1DF3200762C26 /* vncbearer-bearerwrapper.pch in Headers */ = {isa = PBXBuildFile; fileRef = 9B7B44F817E1DF3200762C26 /* vncbearer-bearerwrapper.pch */; };
/* End PBXBuildFile section */

/* Begin PBXFileReference section */
		9B3FAB421805B33C00F7B9AB /* VNCBearerSupportingAPI.h */ = {isa = PBXFileReference; fileEncoding = 4; lastKnownFileType = sourcecode.c.h; name = VNCBearerSupportingAPI.h; path = "vncbearer-bearerwrapper/VNCBearerSupportingAPI.h"; sourceTree = "<group>"; };
		9B3FAB431805B33C00F7B9AB /* VNCBearerSupportingAPI.m */ = {isa = PBXFileReference; fileEncoding = 4; lastKnownFileType = sourcecode.c.objc; name = VNCBearerSupportingAPI.m; path = "vncbearer-bearerwrapper/VNCBearerSupportingAPI.m"; sourceTree = "<group>"; };
		9B3FAB441805B33C00F7B9AB /* VNCBearerWrapper.h */ = {isa = PBXFileReference; fileEncoding = 4; lastKnownFileType = sourcecode.c.h; name = VNCBearerWrapper.h; path = "vncbearer-bearerwrapper/VNCBearerWrapper.h"; sourceTree = "<group>"; };
		9B3FAB451805B33C00F7B9AB /* VNCBearerWrapper.m */ = {isa = PBXFileReference; fileEncoding = 4; lastKnownFileType = sourcecode.c.objc; name = VNCBearerWrapper.m; path = "vncbearer-bearerwrapper/VNCBearerWrapper.m"; sourceTree = "<group>"; };
		9B3FAB461805B33C00F7B9AB /* VNCConnectionWrapper.h */ = {isa = PBXFileReference; fileEncoding = 4; lastKnownFileType = sourcecode.c.h; name = VNCConnectionWrapper.h; path = "vncbearer-bearerwrapper/VNCConnectionWrapper.h"; sourceTree = "<group>"; };
		9B3FAB471805B33C00F7B9AB /* VNCConnectionWrapper.m */ = {isa = PBXFileReference; fileEncoding = 4; lastKnownFileType = sourcecode.c.objc; name = VNCConnectionWrapper.m; path = "vncbearer-bearerwrapper/VNCConnectionWrapper.m"; sourceTree = "<group>"; };
		9B444CF018F80BE300BDF0AF /* NSData+Base64.h */ = {isa = PBXFileReference; fileEncoding = 4; lastKnownFileType = sourcecode.c.h; path = "NSData+Base64.h"; sourceTree = "<group>"; };
		9B444CF118F80BE300BDF0AF /* NSData+Base64.m */ = {isa = PBXFileReference; fileEncoding = 4; lastKnownFileType = sourcecode.c.objc; path = "NSData+Base64.m"; sourceTree = "<group>"; };
		9B7B44F817E1DF3200762C26 /* vncbearer-bearerwrapper.pch */ = {isa = PBXFileReference; fileEncoding = 4; lastKnownFileType = sourcecode.c.h; path = "vncbearer-bearerwrapper.pch"; sourceTree = "<group>"; };
		D61A4142148D2FDB003C2A63 /* libvncbearer-bearerwrapper.a */ = {isa = PBXFileReference; explicitFileType = archive.ar; includeInIndex = 0; path = "libvncbearer-bearerwrapper.a"; sourceTree = BUILT_PRODUCTS_DIR; };
/* End PBXFileReference section */

/* Begin PBXFrameworksBuildPhase section */
		D61A413C148D2FDB003C2A63 /* Frameworks */ = {
			isa = PBXFrameworksBuildPhase;
			buildActionMask = 2147483647;
			files = (
			);
			runOnlyForDeploymentPostprocessing = 0;
		};
/* End PBXFrameworksBuildPhase section */

/* Begin PBXGroup section */
		19129C7913B4DCBB00B79CB1 /* vncbearer-bearerwrapper */ = {
			isa = PBXGroup;
			children = (
				19129C7A13B4DCBB00B79CB1 /* Supporting Files */,
				9BEB7BC31770685500618E74 /* vncbearer-bearerwrapper */,
			);
			name = "vncbearer-bearerwrapper";
			sourceTree = SOURCE_ROOT;
		};
		19129C7A13B4DCBB00B79CB1 /* Supporting Files */ = {
			isa = PBXGroup;
			children = (
				9B444CF018F80BE300BDF0AF /* NSData+Base64.h */,
				9B444CF118F80BE300BDF0AF /* NSData+Base64.m */,
				9B7B44F817E1DF3200762C26 /* vncbearer-bearerwrapper.pch */,
			);
			name = "Supporting Files";
			sourceTree = "<group>";
		};
		19B7C41613B4CD6000BAEB05 = {
			isa = PBXGroup;
			children = (
				19129C7913B4DCBB00B79CB1 /* vncbearer-bearerwrapper */,
				19B7C42213B4CD6000BAEB05 /* Products */,
			);
			sourceTree = "<group>";
		};
		19B7C42213B4CD6000BAEB05 /* Products */ = {
			isa = PBXGroup;
			children = (
				D61A4142148D2FDB003C2A63 /* libvncbearer-bearerwrapper.a */,
			);
			name = Products;
			sourceTree = "<group>";
		};
		9BEB7BC31770685500618E74 /* vncbearer-bearerwrapper */ = {
			isa = PBXGroup;
			children = (
				9B3FAB421805B33C00F7B9AB /* VNCBearerSupportingAPI.h */,
				9B3FAB431805B33C00F7B9AB /* VNCBearerSupportingAPI.m */,
				9B3FAB441805B33C00F7B9AB /* VNCBearerWrapper.h */,
				9B3FAB451805B33C00F7B9AB /* VNCBearerWrapper.m */,
				9B3FAB461805B33C00F7B9AB /* VNCConnectionWrapper.h */,
				9B3FAB471805B33C00F7B9AB /* VNCConnectionWrapper.m */,
			);
			name = "vncbearer-bearerwrapper";
			path = ..;
			sourceTree = "<group>";
		};
/* End PBXGroup section */

/* Begin PBXHeadersBuildPhase section */
		D61A413E148D2FDB003C2A63 /* Headers */ = {
			isa = PBXHeadersBuildPhase;
			buildActionMask = 2147483647;
			files = (
				9B7B44F917E1DF3200762C26 /* vncbearer-bearerwrapper.pch in Headers */,
				9B3FAB481805B33C00F7B9AB /* VNCBearerSupportingAPI.h in Headers */,
				9B444CF218F80BE300BDF0AF /* NSData+Base64.h in Headers */,
				9B3FAB4A1805B33C00F7B9AB /* VNCBearerWrapper.h in Headers */,
				9B3FAB4C1805B33C00F7B9AB /* VNCConnectionWrapper.h in Headers */,
			);
			runOnlyForDeploymentPostprocessing = 0;
		};
/* End PBXHeadersBuildPhase section */

/* Begin PBXNativeTarget section */
		D61A4131148D2FDB003C2A63 /* vncbearer-bearerwrapper */ = {
			isa = PBXNativeTarget;
			buildConfigurationList = D61A413F148D2FDB003C2A63 /* Build configuration list for PBXNativeTarget "vncbearer-bearerwrapper" */;
			buildPhases = (
				D61A4132148D2FDB003C2A63 /* Sources */,
				D61A413C148D2FDB003C2A63 /* Frameworks */,
				D61A413E148D2FDB003C2A63 /* Headers */,
			);
			buildRules = (
			);
			dependencies = (
			);
			name = "vncbearer-bearerwrapper";
			productName = "vncbearer-bearerwrapper";
			productReference = D61A4142148D2FDB003C2A63 /* libvncbearer-bearerwrapper.a */;
			productType = "com.apple.product-type.library.static";
		};
/* End PBXNativeTarget section */

/* Begin PBXProject section */
		19B7C41813B4CD6000BAEB05 /* Project object */ = {
			isa = PBXProject;
			attributes = {
				LastUpgradeCheck = 0460;
			};
			buildConfigurationList = 19B7C41B13B4CD6000BAEB05 /* Build configuration list for PBXProject "vncbearer-bearerwrapper" */;
			compatibilityVersion = "Xcode 3.2";
			developmentRegion = English;
			hasScannedForEncodings = 0;
			knownRegions = (
				en,
			);
			mainGroup = 19B7C41613B4CD6000BAEB05;
			productRefGroup = 19B7C42213B4CD6000BAEB05 /* Products */;
			projectDirPath = "";
			projectRoot = "";
			targets = (
				D61A4131148D2FDB003C2A63 /* vncbearer-bearerwrapper */,
			);
		};
/* End PBXProject section */

/* Begin PBXSourcesBuildPhase section */
		D61A4132148D2FDB003C2A63 /* Sources */ = {
			isa = PBXSourcesBuildPhase;
			buildActionMask = 2147483647;
			files = (
				9B3FAB491805B33C00F7B9AB /* VNCBearerSupportingAPI.m in Sources */,
				9B444CF318F80BE300BDF0AF /* NSData+Base64.m in Sources */,
				9B3FAB4B1805B33C00F7B9AB /* VNCBearerWrapper.m in Sources */,
				9B3FAB4D1805B33C00F7B9AB /* VNCConnectionWrapper.m in Sources */,
			);
			runOnlyForDeploymentPostprocessing = 0;
		};
/* End PBXSourcesBuildPhase section */

/* Begin XCBuildConfiguration section */
		19B7C42913B4CD6000BAEB05 /* Debug */ = {
			isa = XCBuildConfiguration;
			buildSettings = {
				ALWAYS_SEARCH_USER_PATHS = NO;
				ARCHS = "$(ARCHS_STANDARD_32_BIT)";
				CLANG_ENABLE_OBJC_ARC = NO;
				CLANG_WARN_CONSTANT_CONVERSION = YES;
				CLANG_WARN_ENUM_CONVERSION = YES;
				CLANG_WARN_INT_CONVERSION = YES;
				CLANG_WARN__DUPLICATE_METHOD_MATCH = YES;
				COPY_PHASE_STRIP = NO;
				GCC_C_LANGUAGE_STANDARD = gnu99;
				GCC_DYNAMIC_NO_PIC = NO;
				GCC_OPTIMIZATION_LEVEL = 0;
				GCC_PREPROCESSOR_DEFINITIONS = (
					"DEBUG=1",
					"$(inherited)",
				);
				GCC_SYMBOLS_PRIVATE_EXTERN = NO;
				GCC_VERSION = com.apple.compilers.llvm.clang.1_0;
				GCC_WARN_ABOUT_MISSING_PROTOTYPES = YES;
				GCC_WARN_ABOUT_RETURN_TYPE = YES;
				GCC_WARN_UNINITIALIZED_AUTOS = YES;
				GCC_WARN_UNUSED_VARIABLE = YES;
				HEADER_SEARCH_PATHS = ../../SDK/include;
				IPHONEOS_DEPLOYMENT_TARGET = 5.0;
				SDKROOT = iphoneos;
			};
			name = Debug;
		};
		19B7C42A13B4CD6000BAEB05 /* Release */ = {
			isa = XCBuildConfiguration;
			buildSettings = {
				ALWAYS_SEARCH_USER_PATHS = NO;
				ARCHS = "$(ARCHS_STANDARD_32_BIT)";
				CLANG_ENABLE_OBJC_ARC = NO;
				CLANG_WARN_CONSTANT_CONVERSION = YES;
				CLANG_WARN_ENUM_CONVERSION = YES;
				CLANG_WARN_INT_CONVERSION = YES;
				CLANG_WARN__DUPLICATE_METHOD_MATCH = YES;
				COPY_PHASE_STRIP = YES;
				GCC_C_LANGUAGE_STANDARD = gnu99;
				GCC_VERSION = com.apple.compilers.llvm.clang.1_0;
				GCC_WARN_ABOUT_MISSING_PROTOTYPES = YES;
				GCC_WARN_ABOUT_RETURN_TYPE = YES;
				GCC_WARN_UNINITIALIZED_AUTOS = YES;
				GCC_WARN_UNUSED_VARIABLE = YES;
				HEADER_SEARCH_PATHS = ../../SDK/include;
				IPHONEOS_DEPLOYMENT_TARGET = 5.0;
				SDKROOT = iphoneos;
				VALIDATE_PRODUCT = YES;
			};
			name = Release;
		};
		D61A4140148D2FDB003C2A63 /* Debug */ = {
			isa = XCBuildConfiguration;
			buildSettings = {
				ARCHS = "$(ARCHS_STANDARD)";
				CLANG_ENABLE_OBJC_ARC = NO;
				DSTROOT = "";
				GCC_PRECOMPILE_PREFIX_HEADER = YES;
				GCC_PREFIX_HEADER = "vncbearer-bearerwrapper.pch";
				GCC_VERSION = "";
				HEADER_SEARCH_PATHS = ../../SDK/include;
				IPHONEOS_DEPLOYMENT_TARGET = 7.0;
				OTHER_LDFLAGS = "-ObjC";
				PRODUCT_NAME = "vncbearer-bearerwrapper";
				SKIP_INSTALL = YES;
			};
			name = Debug;
		};
		D61A4141148D2FDB003C2A63 /* Release */ = {
			isa = XCBuildConfiguration;
			buildSettings = {
				ARCHS = "$(ARCHS_STANDARD)";
				CLANG_ENABLE_OBJC_ARC = NO;
				DSTROOT = "";
				GCC_PRECOMPILE_PREFIX_HEADER = YES;
				GCC_PREFIX_HEADER = "vncbearer-bearerwrapper.pch";
				GCC_VERSION = "";
				HEADER_SEARCH_PATHS = ../../SDK/include;
				IPHONEOS_DEPLOYMENT_TARGET = 7.0;
				OTHER_LDFLAGS = "-ObjC";
				PRODUCT_NAME = "vncbearer-bearerwrapper";
				SKIP_INSTALL = YES;
			};
			name = Release;
		};
/* End XCBuildConfiguration section */

/* Begin XCConfigurationList section */
		19B7C41B13B4CD6000BAEB05 /* Build configuration list for PBXProject "vncbearer-bearerwrapper" */ = {
			isa = XCConfigurationList;
			buildConfigurations = (
				19B7C42913B4CD6000BAEB05 /* Debug */,
				19B7C42A13B4CD6000BAEB05 /* Release */,
			);
			defaultConfigurationIsVisible = 0;
			defaultConfigurationName = Release;
		};
		D61A413F148D2FDB003C2A63 /* Build configuration list for PBXNativeTarget "vncbearer-bearerwrapper" */ = {
			isa = XCConfigurationList;
			buildConfigurations = (
				D61A4140148D2FDB003C2A63 /* Debug */,
				D61A4141148D2FDB003C2A63 /* Release */,
			);
			defaultConfigurationIsVisible = 0;
			defaultConfigurationName = Release;
		};
/* End XCConfigurationList section */
	};
	rootObject = 19B7C41813B4CD6000BAEB05 /* Project object */;
}
